
Microsoft Visual Studio Solution File, Format Version 12.00
# Visual Studio Version 17
VisualStudioVersion = 17.7.34009.444
MinimumVisualStudioVersion = 10.0.40219.1
Project("{9A19103F-16F7-4668-BE54-9A1E7A4F7556}") = "Controller", "Controller.csproj", "{B1BB6C76-C870-48FA-90E3-CD590B3064EE}"
EndProject
Global
	GlobalSection(SolutionConfigurationPlatforms) = preSolution
		Debug|Any CPU = Debug|Any CPU
		Release|Any CPU = Release|Any CPU
	EndGlobalSection
	GlobalSection(ProjectConfigurationPlatforms) = postSolution
		{B1BB6C76-C870-48FA-90E3-CD590B3064EE}.Debug|Any CPU.ActiveCfg = Debug|Any CPU
		{B1BB6C76-C870-48FA-90E3-CD590B3064EE}.Debug|Any CPU.Build.0 = Debug|Any CPU
		{B1BB6C76-C870-48FA-90E3-CD590B3064EE}.Release|Any CPU.ActiveCfg = Release|Any CPU
		{B1BB6C76-C870-48FA-90E3-CD590B3064EE}.Release|Any CPU.Build.0 = Release|Any CPU
	EndGlobalSection
	GlobalSection(SolutionProperties) = preSolution
		HideSolutionNode = FALSE
	EndGlobalSection
	GlobalSection(ExtensibilityGlobals) = postSolution
		SolutionGuid = {37998FAC-2DC2-486F-90A3-799FEE2A83E0}
	EndGlobalSection
EndGlobal
